
Microsoft Visual Studio Solution File, Format Version 12.00
# Visual Studio 2012
Project("{FAE04EC0-301F-11D3-BF4B-00C04F79EFBC}") = "Icklewik.Core", "Icklewik.Core\Icklewik.Core.csproj", "{8A978D68-3F30-4E98-BD04-DB818275B19F}"
EndProject
Project("{FAE04EC0-301F-11D3-BF4B-00C04F79EFBC}") = "Icklewik.Core.Test", "Icklewik.Core.Test\Icklewik.Core.Test.csproj", "{3467CFF0-E153-4FAB-9119-46400B4D2911}"
EndProject
Project("{FAE04EC0-301F-11D3-BF4B-00C04F79EFBC}") = "Icklewik.ConsoleApp", "Icklewik.ConsoleApp\Icklewik.ConsoleApp.csproj", "{0EB61EEA-842A-45BF-91EB-EACC23F8FC9E}"
EndProject
Project("{FAE04EC0-301F-11D3-BF4B-00C04F79EFBC}") = "Icklewik.WindowsService", "Icklewik.WindowsService\Icklewik.WindowsService.csproj", "{77561708-4092-469F-92D0-2EED389B5D0F}"
EndProject
Project("{FAE04EC0-301F-11D3-BF4B-00C04F79EFBC}") = "Icklekwik.Server", "Icklekwik.Server\Icklekwik.Server.csproj", "{7D9AA957-3935-430B-B92A-3CE829C92F70}"
EndProject
Global
	GlobalSection(SolutionConfigurationPlatforms) = preSolution
		Debug|Any CPU = Debug|Any CPU
		Debug|Mixed Platforms = Debug|Mixed Platforms
		Debug|x86 = Debug|x86
		Release|Any CPU = Release|Any CPU
		Release|Mixed Platforms = Release|Mixed Platforms
		Release|x86 = Release|x86
	EndGlobalSection
	GlobalSection(ProjectConfigurationPlatforms) = postSolution
		{8A978D68-3F30-4E98-BD04-DB818275B19F}.Debug|Any CPU.ActiveCfg = Debug|Any CPU
		{8A978D68-3F30-4E98-BD04-DB818275B19F}.Debug|Any CPU.Build.0 = Debug|Any CPU
		{8A978D68-3F30-4E98-BD04-DB818275B19F}.Debug|Mixed Platforms.ActiveCfg = Debug|Any CPU
		{8A978D68-3F30-4E98-BD04-DB818275B19F}.Debug|Mixed Platforms.Build.0 = Debug|Any CPU
		{8A978D68-3F30-4E98-BD04-DB818275B19F}.Debug|x86.ActiveCfg = Debug|Any CPU
		{8A978D68-3F30-4E98-BD04-DB818275B19F}.Release|Any CPU.ActiveCfg = Release|Any CPU
		{8A978D68-3F30-4E98-BD04-DB818275B19F}.Release|Any CPU.Build.0 = Release|Any CPU
		{8A978D68-3F30-4E98-BD04-DB818275B19F}.Release|Mixed Platforms.ActiveCfg = Release|Any CPU
		{8A978D68-3F30-4E98-BD04-DB818275B19F}.Release|Mixed Platforms.Build.0 = Release|Any CPU
		{8A978D68-3F30-4E98-BD04-DB818275B19F}.Release|x86.ActiveCfg = Release|Any CPU
		{3467CFF0-E153-4FAB-9119-46400B4D2911}.Debug|Any CPU.ActiveCfg = Debug|Any CPU
		{3467CFF0-E153-4FAB-9119-46400B4D2911}.Debug|Any CPU.Build.0 = Debug|Any CPU
		{3467CFF0-E153-4FAB-9119-46400B4D2911}.Debug|Mixed Platforms.ActiveCfg = Debug|Any CPU
		{3467CFF0-E153-4FAB-9119-46400B4D2911}.Debug|Mixed Platforms.Build.0 = Debug|Any CPU
		{3467CFF0-E153-4FAB-9119-46400B4D2911}.Debug|x86.ActiveCfg = Debug|Any CPU
		{3467CFF0-E153-4FAB-9119-46400B4D2911}.Release|Any CPU.ActiveCfg = Release|Any CPU
		{3467CFF0-E153-4FAB-9119-46400B4D2911}.Release|Any CPU.Build.0 = Release|Any CPU
		{3467CFF0-E153-4FAB-9119-46400B4D2911}.Release|Mixed Platforms.ActiveCfg = Release|Any CPU
		{3467CFF0-E153-4FAB-9119-46400B4D2911}.Release|Mixed Platforms.Build.0 = Release|Any CPU
		{3467CFF0-E153-4FAB-9119-46400B4D2911}.Release|x86.ActiveCfg = Release|Any CPU
		{0EB61EEA-842A-45BF-91EB-EACC23F8FC9E}.Debug|Any CPU.ActiveCfg = Debug|x86
		{0EB61EEA-842A-45BF-91EB-EACC23F8FC9E}.Debug|Mixed Platforms.ActiveCfg = Debug|x86
		{0EB61EEA-842A-45BF-91EB-EACC23F8FC9E}.Debug|Mixed Platforms.Build.0 = Debug|x86
		{0EB61EEA-842A-45BF-91EB-EACC23F8FC9E}.Debug|x86.ActiveCfg = Debug|x86
		{0EB61EEA-842A-45BF-91EB-EACC23F8FC9E}.Debug|x86.Build.0 = Debug|x86
		{0EB61EEA-842A-45BF-91EB-EACC23F8FC9E}.Release|Any CPU.ActiveCfg = Release|x86
		{0EB61EEA-842A-45BF-91EB-EACC23F8FC9E}.Release|Mixed Platforms.ActiveCfg = Release|x86
		{0EB61EEA-842A-45BF-91EB-EACC23F8FC9E}.Release|Mixed Platforms.Build.0 = Release|x86
		{0EB61EEA-842A-45BF-91EB-EACC23F8FC9E}.Release|x86.ActiveCfg = Release|x86
		{0EB61EEA-842A-45BF-91EB-EACC23F8FC9E}.Release|x86.Build.0 = Release|x86
		{77561708-4092-469F-92D0-2EED389B5D0F}.Debug|Any CPU.ActiveCfg = Debug|Any CPU
		{77561708-4092-469F-92D0-2EED389B5D0F}.Debug|Any CPU.Build.0 = Debug|Any CPU
		{77561708-4092-469F-92D0-2EED389B5D0F}.Debug|Mixed Platforms.ActiveCfg = Debug|Any CPU
		{77561708-4092-469F-92D0-2EED389B5D0F}.Debug|Mixed Platforms.Build.0 = Debug|Any CPU
		{77561708-4092-469F-92D0-2EED389B5D0F}.Debug|x86.ActiveCfg = Debug|Any CPU
		{77561708-4092-469F-92D0-2EED389B5D0F}.Release|Any CPU.ActiveCfg = Release|Any CPU
		{77561708-4092-469F-92D0-2EED389B5D0F}.Release|Any CPU.Build.0 = Release|Any CPU
		{77561708-4092-469F-92D0-2EED389B5D0F}.Release|Mixed Platforms.ActiveCfg = Release|Any CPU
		{77561708-4092-469F-92D0-2EED389B5D0F}.Release|Mixed Platforms.Build.0 = Release|Any CPU
		{77561708-4092-469F-92D0-2EED389B5D0F}.Release|x86.ActiveCfg = Release|Any CPU
		{7D9AA957-3935-430B-B92A-3CE829C92F70}.Debug|Any CPU.ActiveCfg = Debug|Any CPU
		{7D9AA957-3935-430B-B92A-3CE829C92F70}.Debug|Any CPU.Build.0 = Debug|Any CPU
		{7D9AA957-3935-430B-B92A-3CE829C92F70}.Debug|Mixed Platforms.ActiveCfg = Debug|Any CPU
		{7D9AA957-3935-430B-B92A-3CE829C92F70}.Debug|Mixed Platforms.Build.0 = Debug|Any CPU
		{7D9AA957-3935-430B-B92A-3CE829C92F70}.Debug|x86.ActiveCfg = Debug|Any CPU
		{7D9AA957-3935-430B-B92A-3CE829C92F70}.Release|Any CPU.ActiveCfg = Release|Any CPU
		{7D9AA957-3935-430B-B92A-3CE829C92F70}.Release|Any CPU.Build.0 = Release|Any CPU
		{7D9AA957-3935-430B-B92A-3CE829C92F70}.Release|Mixed Platforms.ActiveCfg = Release|Any CPU
		{7D9AA957-3935-430B-B92A-3CE829C92F70}.Release|Mixed Platforms.Build.0 = Release|Any CPU
		{7D9AA957-3935-430B-B92A-3CE829C92F70}.Release|x86.ActiveCfg = Release|Any CPU
	EndGlobalSection
	GlobalSection(SolutionProperties) = preSolution
		HideSolutionNode = FALSE
	EndGlobalSection
EndGlobal
